
Microsoft Visual Studio Solution File, Format Version 12.00
# Visual Studio 15
VisualStudioVersion = 15.0.28307.572
MinimumVisualStudioVersion = 10.0.40219.1
Project("{8BC9CEB8-8B4A-11D0-8D11-00A0C91BC942}") = "WriteUID", "WriteUID\WriteUID.vcxproj", "{C5F80730-F44F-4478-BDAE-6634EFC2CA88}"
EndProject
Project("{8BC9CEB8-8B4A-11D0-8D11-00A0C91BC942}") = "RFID-RC522", "..\RFID-RC522\RFID-RC522.vcxproj", "{3655B8B3-EA31-4130-8D64-99D05ED8761B}"
EndProject
Project("{8BC9CEB8-8B4A-11D0-8D11-00A0C91BC942}") = "RFIDsingle", "..\RFIDsingle\RFIDsingle.vcxproj", "{4C24F037-7DA9-43D1-BE91-099318BA7FBE}"
EndProject
Project("{2150E333-8FDC-42A3-9474-1A3956D46DE8}") = "Solution Items", "Solution Items", "{283F13B1-126A-4CA0-878D-3BBD812E4530}"
	ProjectSection(SolutionItems) = preProject
		..\Beschrijving RFID-RC522.txt = ..\Beschrijving RFID-RC522.txt
	EndProjectSection
EndProject
Project("{8BC9CEB8-8B4A-11D0-8D11-00A0C91BC942}") = "RFIDaccess", "..\RFIDaccess\RFIDaccess\RFIDaccess.vcxproj", "{F07D59BF-02EA-4319-82C9-9CE0BA319312}"
EndProject
Project("{8BC9CEB8-8B4A-11D0-8D11-00A0C91BC942}") = "ReaderSerial", "ReaderSerial\ReaderSerial.vcxproj", "{DDFC544A-5AEA-4D81-8DAE-F46242EFD891}"
EndProject
Project("{8BC9CEB8-8B4A-11D0-8D11-00A0C91BC942}") = "Dices", "..\Dices\Dices.vcxproj", "{B1F2DAD2-285B-47E2-B219-646EF3F28DF2}"
EndProject
Project("{8BC9CEB8-8B4A-11D0-8D11-00A0C91BC942}") = "FastLED-master-3.1.6", "Libraries\FastLED-master\3.1.6\FastLED-master\FastLED-master-3.1.6.vcxitems", "{FA0536D9-34FA-4A2B-9D99-1D081BF5360D}"
EndProject
Global
	GlobalSection(SharedMSBuildProjectFiles) = preSolution
		Libraries\FastLED-master\3.1.6\FastLED-master\FastLED-master-3.1.6.vcxitems*{b1f2dad2-285b-47e2-b219-646ef3f28df2}*SharedItemsImports = 4
		Libraries\FastLED-master\3.1.6\FastLED-master\FastLED-master-3.1.6.vcxitems*{fa0536d9-34fa-4a2b-9d99-1d081bf5360d}*SharedItemsImports = 9
	EndGlobalSection
	GlobalSection(SolutionConfigurationPlatforms) = preSolution
		Debug|x86 = Debug|x86
		Release|x86 = Release|x86
	EndGlobalSection
	GlobalSection(ProjectConfigurationPlatforms) = postSolution
		{C5F80730-F44F-4478-BDAE-6634EFC2CA88}.Debug|x86.ActiveCfg = Debug|Win32
		{C5F80730-F44F-4478-BDAE-6634EFC2CA88}.Debug|x86.Build.0 = Debug|Win32
		{C5F80730-F44F-4478-BDAE-6634EFC2CA88}.Release|x86.ActiveCfg = Release|Win32
		{C5F80730-F44F-4478-BDAE-6634EFC2CA88}.Release|x86.Build.0 = Release|Win32
		{3655B8B3-EA31-4130-8D64-99D05ED8761B}.Debug|x86.ActiveCfg = Debug|Win32
		{3655B8B3-EA31-4130-8D64-99D05ED8761B}.Debug|x86.Build.0 = Debug|Win32
		{3655B8B3-EA31-4130-8D64-99D05ED8761B}.Release|x86.ActiveCfg = Release|Win32
		{3655B8B3-EA31-4130-8D64-99D05ED8761B}.Release|x86.Build.0 = Release|Win32
		{4C24F037-7DA9-43D1-BE91-099318BA7FBE}.Debug|x86.ActiveCfg = Debug|Win32
		{4C24F037-7DA9-43D1-BE91-099318BA7FBE}.Debug|x86.Build.0 = Debug|Win32
		{4C24F037-7DA9-43D1-BE91-099318BA7FBE}.Release|x86.ActiveCfg = Release|Win32
		{4C24F037-7DA9-43D1-BE91-099318BA7FBE}.Release|x86.Build.0 = Release|Win32
		{F07D59BF-02EA-4319-82C9-9CE0BA319312}.Debug|x86.ActiveCfg = Debug|Win32
		{F07D59BF-02EA-4319-82C9-9CE0BA319312}.Debug|x86.Build.0 = Debug|Win32
		{F07D59BF-02EA-4319-82C9-9CE0BA319312}.Release|x86.ActiveCfg = Release|Win32
		{F07D59BF-02EA-4319-82C9-9CE0BA319312}.Release|x86.Build.0 = Release|Win32
		{DDFC544A-5AEA-4D81-8DAE-F46242EFD891}.Debug|x86.ActiveCfg = Debug|Win32
		{DDFC544A-5AEA-4D81-8DAE-F46242EFD891}.Debug|x86.Build.0 = Debug|Win32
		{DDFC544A-5AEA-4D81-8DAE-F46242EFD891}.Release|x86.ActiveCfg = Release|Win32
		{DDFC544A-5AEA-4D81-8DAE-F46242EFD891}.Release|x86.Build.0 = Release|Win32
		{B1F2DAD2-285B-47E2-B219-646EF3F28DF2}.Debug|x86.ActiveCfg = Debug|Win32
		{B1F2DAD2-285B-47E2-B219-646EF3F28DF2}.Debug|x86.Build.0 = Debug|Win32
		{B1F2DAD2-285B-47E2-B219-646EF3F28DF2}.Release|x86.ActiveCfg = Release|Win32
		{B1F2DAD2-285B-47E2-B219-646EF3F28DF2}.Release|x86.Build.0 = Release|Win32
	EndGlobalSection
	GlobalSection(SolutionProperties) = preSolution
		HideSolutionNode = FALSE
	EndGlobalSection
	GlobalSection(ExtensibilityGlobals) = postSolution
		SolutionGuid = {03325163-FC60-4A5F-BC74-4CF2592361C1}
	EndGlobalSection
EndGlobal
